
Microsoft Visual Studio Solution File, Format Version 12.00
# Visual Studio Version 17
VisualStudioVersion = 17.1.32328.378
MinimumVisualStudioVersion = 10.0.40219.1
Project("{FAE04EC0-301F-11D3-BF4B-00C04F79EFBC}") = "C-Sharp-Solutions", "C-Sharp-Solutions.csproj", "{68340608-E122-40E9-BA1A-914E5BF95B5A}"
EndProject
Global
	GlobalSection(SolutionConfigurationPlatforms) = preSolution
		Debug|Any CPU = Debug|Any CPU
		Release|Any CPU = Release|Any CPU
	EndGlobalSection
	GlobalSection(ProjectConfigurationPlatforms) = postSolution
		{68340608-E122-40E9-BA1A-914E5BF95B5A}.Debug|Any CPU.ActiveCfg = Debug|Any CPU
		{68340608-E122-40E9-BA1A-914E5BF95B5A}.Debug|Any CPU.Build.0 = Debug|Any CPU
		{68340608-E122-40E9-BA1A-914E5BF95B5A}.Release|Any CPU.ActiveCfg = Release|Any CPU
		{68340608-E122-40E9-BA1A-914E5BF95B5A}.Release|Any CPU.Build.0 = Release|Any CPU
	EndGlobalSection
	GlobalSection(SolutionProperties) = preSolution
		HideSolutionNode = FALSE
	EndGlobalSection
	GlobalSection(ExtensibilityGlobals) = postSolution
		SolutionGuid = {D07854EC-0F38-488E-8CCF-1E1C97FC11B7}
	EndGlobalSection
EndGlobal
